// !$*UTF8*$!
{
	archiveVersion = 1;
	classes = {
	};
	objectVersion = 56;
	objects = {

/* Begin PBXBuildFile section */
		1A51591C2A60098D00AB5B8B /* AppDelegate.swift in Sources */ = {isa = PBXBuildFile; fileRef = 1A51591B2A60098D00AB5B8B /* AppDelegate.swift */; };
		1A51591E2A60098D00AB5B8B /* SceneDelegate.swift in Sources */ = {isa = PBXBuildFile; fileRef = 1A51591D2A60098D00AB5B8B /* SceneDelegate.swift */; };
		1A5159202A60098D00AB5B8B /* ViewController.swift in Sources */ = {isa = PBXBuildFile; fileRef = 1A51591F2A60098D00AB5B8B /* ViewController.swift */; };
		1A5159232A60098D00AB5B8B /* Main.storyboard in Resources */ = {isa = PBXBuildFile; fileRef = 1A5159212A60098D00AB5B8B /* Main.storyboard */; };
		1A5159252A60098E00AB5B8B /* Assets.xcassets in Resources */ = {isa = PBXBuildFile; fileRef = 1A5159242A60098E00AB5B8B /* Assets.xcassets */; };
		1A5159282A60098E00AB5B8B /* LaunchScreen.storyboard in Resources */ = {isa = PBXBuildFile; fileRef = 1A5159262A60098E00AB5B8B /* LaunchScreen.storyboard */; };
		1A5159312A600A0A00AB5B8B /* ShoppingCell.swift in Sources */ = {isa = PBXBuildFile; fileRef = 1A51592F2A600A0A00AB5B8B /* ShoppingCell.swift */; };
		1A5159322A600A0A00AB5B8B /* ShoppingCell.xib in Resources */ = {isa = PBXBuildFile; fileRef = 1A5159302A600A0A00AB5B8B /* ShoppingCell.xib */; };
/* End PBXBuildFile section */

/* Begin PBXFileReference section */
		1A5159182A60098D00AB5B8B /* Project6.5-Milestone4-6.app */ = {isa = PBXFileReference; explicitFileType = wrapper.application; includeInIndex = 0; path = "Project6.5-Milestone4-6.app"; sourceTree = BUILT_PRODUCTS_DIR; };
		1A51591B2A60098D00AB5B8B /* AppDelegate.swift */ = {isa = PBXFileReference; lastKnownFileType = sourcecode.swift; path = AppDelegate.swift; sourceTree = "<group>"; };
		1A51591D2A60098D00AB5B8B /* SceneDelegate.swift */ = {isa = PBXFileReference; lastKnownFileType = sourcecode.swift; path = SceneDelegate.swift; sourceTree = "<group>"; };
		1A51591F2A60098D00AB5B8B /* ViewController.swift */ = {isa = PBXFileReference; lastKnownFileType = sourcecode.swift; path = ViewController.swift; sourceTree = "<group>"; };
		1A5159222A60098D00AB5B8B /* Base */ = {isa = PBXFileReference; lastKnownFileType = file.storyboard; name = Base; path = Base.lproj/Main.storyboard; sourceTree = "<group>"; };
		1A5159242A60098E00AB5B8B /* Assets.xcassets */ = {isa = PBXFileReference; lastKnownFileType = folder.assetcatalog; path = Assets.xcassets; sourceTree = "<group>"; };
		1A5159272A60098E00AB5B8B /* Base */ = {isa = PBXFileReference; lastKnownFileType = file.storyboard; name = Base; path = Base.lproj/LaunchScreen.storyboard; sourceTree = "<group>"; };
		1A5159292A60098E00AB5B8B /* Info.plist */ = {isa = PBXFileReference; lastKnownFileType = text.plist.xml; path = Info.plist; sourceTree = "<group>"; };
		1A51592F2A600A0A00AB5B8B /* ShoppingCell.swift */ = {isa = PBXFileReference; lastKnownFileType = sourcecode.swift; path = ShoppingCell.swift; sourceTree = "<group>"; };
		1A5159302A600A0A00AB5B8B /* ShoppingCell.xib */ = {isa = PBXFileReference; lastKnownFileType = file.xib; path = ShoppingCell.xib; sourceTree = "<group>"; };
/* End PBXFileReference section */

/* Begin PBXFrameworksBuildPhase section */
		1A5159152A60098D00AB5B8B /* Frameworks */ = {
			isa = PBXFrameworksBuildPhase;
			buildActionMask = 2147483647;
			files = (
			);
			runOnlyForDeploymentPostprocessing = 0;
		};
/* End PBXFrameworksBuildPhase section */

/* Begin PBXGroup section */
		1A51590F2A60098D00AB5B8B = {
			isa = PBXGroup;
			children = (
				1A51591A2A60098D00AB5B8B /* Project6.5-Milestone4-6 */,
				1A5159192A60098D00AB5B8B /* Products */,
			);
			sourceTree = "<group>";
		};
		1A5159192A60098D00AB5B8B /* Products */ = {
			isa = PBXGroup;
			children = (
				1A5159182A60098D00AB5B8B /* Project6.5-Milestone4-6.app */,
			);
			name = Products;
			sourceTree = "<group>";
		};
		1A51591A2A60098D00AB5B8B /* Project6.5-Milestone4-6 */ = {
			isa = PBXGroup;
			children = (
				1A51591B2A60098D00AB5B8B /* AppDelegate.swift */,
				1A51591D2A60098D00AB5B8B /* SceneDelegate.swift */,
				1A51591F2A60098D00AB5B8B /* ViewController.swift */,
				1A5159212A60098D00AB5B8B /* Main.storyboard */,
				1A51592F2A600A0A00AB5B8B /* ShoppingCell.swift */,
				1A5159302A600A0A00AB5B8B /* ShoppingCell.xib */,
				1A5159242A60098E00AB5B8B /* Assets.xcassets */,
				1A5159262A60098E00AB5B8B /* LaunchScreen.storyboard */,
				1A5159292A60098E00AB5B8B /* Info.plist */,
			);
			path = "Project6.5-Milestone4-6";
			sourceTree = "<group>";
		};
/* End PBXGroup section */

/* Begin PBXNativeTarget section */
		1A5159172A60098D00AB5B8B /* Project6.5-Milestone4-6 */ = {
			isa = PBXNativeTarget;
			buildConfigurationList = 1A51592C2A60098E00AB5B8B /* Build configuration list for PBXNativeTarget "Project6.5-Milestone4-6" */;
			buildPhases = (
				1A5159142A60098D00AB5B8B /* Sources */,
				1A5159152A60098D00AB5B8B /* Frameworks */,
				1A5159162A60098D00AB5B8B /* Resources */,
			);
			buildRules = (
			);
			dependencies = (
			);
			name = "Project6.5-Milestone4-6";
			productName = "Project6.5-Milestone4-6";
			productReference = 1A5159182A60098D00AB5B8B /* Project6.5-Milestone4-6.app */;
			productType = "com.apple.product-type.application";
		};
/* End PBXNativeTarget section */

/* Begin PBXProject section */
		1A5159102A60098D00AB5B8B /* Project object */ = {
			isa = PBXProject;
			attributes = {
				BuildIndependentTargetsInParallel = 1;
				LastSwiftUpdateCheck = 1430;
				LastUpgradeCheck = 1430;
				TargetAttributes = {
					1A5159172A60098D00AB5B8B = {
						CreatedOnToolsVersion = 14.3;
					};
				};
			};
			buildConfigurationList = 1A5159132A60098D00AB5B8B /* Build configuration list for PBXProject "Project6.5-Milestone4-6" */;
			compatibilityVersion = "Xcode 14.0";
			developmentRegion = en;
			hasScannedForEncodings = 0;
			knownRegions = (
				en,
				Base,
			);
			mainGroup = 1A51590F2A60098D00AB5B8B;
			productRefGroup = 1A5159192A60098D00AB5B8B /* Products */;
			projectDirPath = "";
			projectRoot = "";
			targets = (
				1A5159172A60098D00AB5B8B /* Project6.5-Milestone4-6 */,
			);
		};
/* End PBXProject section */

/* Begin PBXResourcesBuildPhase section */
		1A5159162A60098D00AB5B8B /* Resources */ = {
			isa = PBXResourcesBuildPhase;
			buildActionMask = 2147483647;
			files = (
				1A5159282A60098E00AB5B8B /* LaunchScreen.storyboard in Resources */,
				1A5159322A600A0A00AB5B8B /* ShoppingCell.xib in Resources */,
				1A5159252A60098E00AB5B8B /* Assets.xcassets in Resources */,
				1A5159232A60098D00AB5B8B /* Main.storyboard in Resources */,
			);
			runOnlyForDeploymentPostprocessing = 0;
		};
/* End PBXResourcesBuildPhase section */

/* Begin PBXSourcesBuildPhase section */
		1A5159142A60098D00AB5B8B /* Sources */ = {
			isa = PBXSourcesBuildPhase;
			buildActionMask = 2147483647;
			files = (
				1A5159202A60098D00AB5B8B /* ViewController.swift in Sources */,
				1A5159312A600A0A00AB5B8B /* ShoppingCell.swift in Sources */,
				1A51591C2A60098D00AB5B8B /* AppDelegate.swift in Sources */,
				1A51591E2A60098D00AB5B8B /* SceneDelegate.swift in Sources */,
			);
			runOnlyForDeploymentPostprocessing = 0;
		};
/* End PBXSourcesBuildPhase section */

/* Begin PBXVariantGroup section */
		1A5159212A60098D00AB5B8B /* Main.storyboard */ = {
			isa = PBXVariantGroup;
			children = (
				1A5159222A60098D00AB5B8B /* Base */,
			);
			name = Main.storyboard;
			sourceTree = "<group>";
		};
		1A5159262A60098E00AB5B8B /* LaunchScreen.storyboard */ = {
			isa = PBXVariantGroup;
			children = (
				1A5159272A60098E00AB5B8B /* Base */,
			);
			name = LaunchScreen.storyboard;
			sourceTree = "<group>";
		};
/* End PBXVariantGroup section */

/* Begin XCBuildConfiguration section */
		1A51592A2A60098E00AB5B8B /* Debug */ = {
			isa = XCBuildConfiguration;
			buildSettings = {
				ALWAYS_SEARCH_USER_PATHS = NO;
				CLANG_ANALYZER_NONNULL = YES;
				CLANG_ANALYZER_NUMBER_OBJECT_CONVERSION = YES_AGGRESSIVE;
				CLANG_CXX_LANGUAGE_STANDARD = "gnu++20";
				CLANG_ENABLE_MODULES = YES;
				CLANG_ENABLE_OBJC_ARC = YES;
				CLANG_ENABLE_OBJC_WEAK = YES;
				CLANG_WARN_BLOCK_CAPTURE_AUTORELEASING = YES;
				CLANG_WARN_BOOL_CONVERSION = YES;
				CLANG_WARN_COMMA = YES;
				CLANG_WARN_CONSTANT_CONVERSION = YES;
				CLANG_WARN_DEPRECATED_OBJC_IMPLEMENTATIONS = YES;
				CLANG_WARN_DIRECT_OBJC_ISA_USAGE = YES_ERROR;
				CLANG_WARN_DOCUMENTATION_COMMENTS = YES;
				CLANG_WARN_EMPTY_BODY = YES;
				CLANG_WARN_ENUM_CONVERSION = YES;
				CLANG_WARN_INFINITE_RECURSION = YES;
				CLANG_WARN_INT_CONVERSION = YES;
				CLANG_WARN_NON_LITERAL_NULL_CONVERSION = YES;
				CLANG_WARN_OBJC_IMPLICIT_RETAIN_SELF = YES;
				CLANG_WARN_OBJC_LITERAL_CONVERSION = YES;
				CLANG_WARN_OBJC_ROOT_CLASS = YES_ERROR;
				CLANG_WARN_QUOTED_INCLUDE_IN_FRAMEWORK_HEADER = YES;
				CLANG_WARN_RANGE_LOOP_ANALYSIS = YES;
				CLANG_WARN_STRICT_PROTOTYPES = YES;
				CLANG_WARN_SUSPICIOUS_MOVE = YES;
				CLANG_WARN_UNGUARDED_AVAILABILITY = YES_AGGRESSIVE;
				CLANG_WARN_UNREACHABLE_CODE = YES;
				CLANG_WARN__DUPLICATE_METHOD_MATCH = YES;
				COPY_PHASE_STRIP = NO;
				DEBUG_INFORMATION_FORMAT = dwarf;
				ENABLE_STRICT_OBJC_MSGSEND = YES;
				ENABLE_TESTABILITY = YES;
				GCC_C_LANGUAGE_STANDARD = gnu11;
				GCC_DYNAMIC_NO_PIC = NO;
				GCC_NO_COMMON_BLOCKS = YES;
				GCC_OPTIMIZATION_LEVEL = 0;
				GCC_PREPROCESSOR_DEFINITIONS = (
					"DEBUG=1",
					"$(inherited)",
				);
				GCC_WARN_64_TO_32_BIT_CONVERSION = YES;
				GCC_WARN_ABOUT_RETURN_TYPE = YES_ERROR;
				GCC_WARN_UNDECLARED_SELECTOR = YES;
				GCC_WARN_UNINITIALIZED_AUTOS = YES_AGGRESSIVE;
				GCC_WARN_UNUSED_FUNCTION = YES;
				GCC_WARN_UNUSED_VARIABLE = YES;
				IPHONEOS_DEPLOYMENT_TARGET = 16.4;
				MTL_ENABLE_DEBUG_INFO = INCLUDE_SOURCE;
				MTL_FAST_MATH = YES;
				ONLY_ACTIVE_ARCH = YES;
				SDKROOT = iphoneos;
				SWIFT_ACTIVE_COMPILATION_CONDITIONS = DEBUG;
				SWIFT_OPTIMIZATION_LEVEL = "-Onone";
			};
			name = Debug;
		};
		1A51592B2A60098E00AB5B8B /* Release */ = {
			isa = XCBuildConfiguration;
			buildSettings = {
				ALWAYS_SEARCH_USER_PATHS = NO;
				CLANG_ANALYZER_NONNULL = YES;
				CLANG_ANALYZER_NUMBER_OBJECT_CONVERSION = YES_AGGRESSIVE;
				CLANG_CXX_LANGUAGE_STANDARD = "gnu++20";
				CLANG_ENABLE_MODULES = YES;
				CLANG_ENABLE_OBJC_ARC = YES;
				CLANG_ENABLE_OBJC_WEAK = YES;
				CLANG_WARN_BLOCK_CAPTURE_AUTORELEASING = YES;
				CLANG_WARN_BOOL_CONVERSION = YES;
				CLANG_WARN_COMMA = YES;
				CLANG_WARN_CONSTANT_CONVERSION = YES;
				CLANG_WARN_DEPRECATED_OBJC_IMPLEMENTATIONS = YES;
				CLANG_WARN_DIRECT_OBJC_ISA_USAGE = YES_ERROR;
				CLANG_WARN_DOCUMENTATION_COMMENTS = YES;
				CLANG_WARN_EMPTY_BODY = YES;
				CLANG_WARN_ENUM_CONVERSION = YES;
				CLANG_WARN_INFINITE_RECURSION = YES;
				CLANG_WARN_INT_CONVERSION = YES;
				CLANG_WARN_NON_LITERAL_NULL_CONVERSION = YES;
				CLANG_WARN_OBJC_IMPLICIT_RETAIN_SELF = YES;
				CLANG_WARN_OBJC_LITERAL_CONVERSION = YES;
				CLANG_WARN_OBJC_ROOT_CLASS = YES_ERROR;
				CLANG_WARN_QUOTED_INCLUDE_IN_FRAMEWORK_HEADER = YES;
				CLANG_WARN_RANGE_LOOP_ANALYSIS = YES;
				CLANG_WARN_STRICT_PROTOTYPES = YES;
				CLANG_WARN_SUSPICIOUS_MOVE = YES;
				CLANG_WARN_UNGUARDED_AVAILABILITY = YES_AGGRESSIVE;
				CLANG_WARN_UNREACHABLE_CODE = YES;
				CLANG_WARN__DUPLICATE_METHOD_MATCH = YES;
				COPY_PHASE_STRIP = NO;
				DEBUG_INFORMATION_FORMAT = "dwarf-with-dsym";
				ENABLE_NS_ASSERTIONS = NO;
				ENABLE_STRICT_OBJC_MSGSEND = YES;
				GCC_C_LANGUAGE_STANDARD = gnu11;
				GCC_NO_COMMON_BLOCKS = YES;
				GCC_WARN_64_TO_32_BIT_CONVERSION = YES;
				GCC_WARN_ABOUT_RETURN_TYPE = YES_ERROR;
				GCC_WARN_UNDECLARED_SELECTOR = YES;
				GCC_WARN_UNINITIALIZED_AUTOS = YES_AGGRESSIVE;
				GCC_WARN_UNUSED_FUNCTION = YES;
				GCC_WARN_UNUSED_VARIABLE = YES;
				IPHONEOS_DEPLOYMENT_TARGET = 16.4;
				MTL_ENABLE_DEBUG_INFO = NO;
				MTL_FAST_MATH = YES;
				SDKROOT = iphoneos;
				SWIFT_COMPILATION_MODE = wholemodule;
				SWIFT_OPTIMIZATION_LEVEL = "-O";
				VALIDATE_PRODUCT = YES;
			};
			name = Release;
		};
		1A51592D2A60098E00AB5B8B /* Debug */ = {
			isa = XCBuildConfiguration;
			buildSettings = {
				ASSETCATALOG_COMPILER_APPICON_NAME = AppIcon;
				ASSETCATALOG_COMPILER_GLOBAL_ACCENT_COLOR_NAME = AccentColor;
				CODE_SIGN_STYLE = Automatic;
				CURRENT_PROJECT_VERSION = 1;
				DEVELOPMENT_TEAM = 3L566L7593;
				GENERATE_INFOPLIST_FILE = YES;
				INFOPLIST_FILE = "Project6.5-Milestone4-6/Info.plist";
				INFOPLIST_KEY_UIApplicationSupportsIndirectInputEvents = YES;
				INFOPLIST_KEY_UILaunchStoryboardName = LaunchScreen;
				INFOPLIST_KEY_UIMainStoryboardFile = Main;
				INFOPLIST_KEY_UISupportedInterfaceOrientations_iPad = "UIInterfaceOrientationPortrait UIInterfaceOrientationPortraitUpsideDown UIInterfaceOrientationLandscapeLeft UIInterfaceOrientationLandscapeRight";
				INFOPLIST_KEY_UISupportedInterfaceOrientations_iPhone = "UIInterfaceOrientationPortrait UIInterfaceOrientationLandscapeLeft UIInterfaceOrientationLandscapeRight";
				LD_RUNPATH_SEARCH_PATHS = (
					"$(inherited)",
					"@executable_path/Frameworks",
				);
				MARKETING_VERSION = 1.0;
				PRODUCT_BUNDLE_IDENTIFIER = "com.suhail.Project6-5-Milestone4-6";
				PRODUCT_NAME = "$(TARGET_NAME)";
				SWIFT_EMIT_LOC_STRINGS = YES;
				SWIFT_VERSION = 5.0;
				TARGETED_DEVICE_FAMILY = "1,2";
			};
			name = Debug;
		};
		1A51592E2A60098E00AB5B8B /* Release */ = {
			isa = XCBuildConfiguration;
			buildSettings = {
				ASSETCATALOG_COMPILER_APPICON_NAME = AppIcon;
				ASSETCATALOG_COMPILER_GLOBAL_ACCENT_COLOR_NAME = AccentColor;
				CODE_SIGN_STYLE = Automatic;
				CURRENT_PROJECT_VERSION = 1;
				DEVELOPMENT_TEAM = 3L566L7593;
				GENERATE_INFOPLIST_FILE = YES;
				INFOPLIST_FILE = "Project6.5-Milestone4-6/Info.plist";
				INFOPLIST_KEY_UIApplicationSupportsIndirectInputEvents = YES;
				INFOPLIST_KEY_UILaunchStoryboardName = LaunchScreen;
				INFOPLIST_KEY_UIMainStoryboardFile = Main;
				INFOPLIST_KEY_UISupportedInterfaceOrientations_iPad = "UIInterfaceOrientationPortrait UIInterfaceOrientationPortraitUpsideDown UIInterfaceOrientationLandscapeLeft UIInterfaceOrientationLandscapeRight";
				INFOPLIST_KEY_UISupportedInterfaceOrientations_iPhone = "UIInterfaceOrientationPortrait UIInterfaceOrientationLandscapeLeft UIInterfaceOrientationLandscapeRight";
				LD_RUNPATH_SEARCH_PATHS = (
					"$(inherited)",
					"@executable_path/Frameworks",
				);
				MARKETING_VERSION = 1.0;
				PRODUCT_BUNDLE_IDENTIFIER = "com.suhail.Project6-5-Milestone4-6";
				PRODUCT_NAME = "$(TARGET_NAME)";
				SWIFT_EMIT_LOC_STRINGS = YES;
				SWIFT_VERSION = 5.0;
				TARGETED_DEVICE_FAMILY = "1,2";
			};
			name = Release;
		};
/* End XCBuildConfiguration section */

/* Begin XCConfigurationList section */
		1A5159132A60098D00AB5B8B /* Build configuration list for PBXProject "Project6.5-Milestone4-6" */ = {
			isa = XCConfigurationList;
			buildConfigurations = (
				1A51592A2A60098E00AB5B8B /* Debug */,
				1A51592B2A60098E00AB5B8B /* Release */,
			);
			defaultConfigurationIsVisible = 0;
			defaultConfigurationName = Release;
		};
		1A51592C2A60098E00AB5B8B /* Build configuration list for PBXNativeTarget "Project6.5-Milestone4-6" */ = {
			isa = XCConfigurationList;
			buildConfigurations = (
				1A51592D2A60098E00AB5B8B /* Debug */,
				1A51592E2A60098E00AB5B8B /* Release */,
			);
			defaultConfigurationIsVisible = 0;
			defaultConfigurationName = Release;
		};
/* End XCConfigurationList section */
	};
	rootObject = 1A5159102A60098D00AB5B8B /* Project object */;
}
